
Microsoft Visual Studio Solution File, Format Version 12.00
# Visual Studio Version 17
VisualStudioVersion = 17.10.35013.160
MinimumVisualStudioVersion = 10.0.40219.1
Project("{FAE04EC0-301F-11D3-BF4B-00C04F79EFBC}") = "Assesment2", "Assesment2\Assesment2.csproj", "{1F1BC33E-FAAC-4186-8D04-E577DA5DA2A3}"
EndProject
Global
	GlobalSection(SolutionConfigurationPlatforms) = preSolution
		Debug|Any CPU = Debug|Any CPU
		Release|Any CPU = Release|Any CPU
	EndGlobalSection
	GlobalSection(ProjectConfigurationPlatforms) = postSolution
		{1F1BC33E-FAAC-4186-8D04-E577DA5DA2A3}.Debug|Any CPU.ActiveCfg = Debug|Any CPU
		{1F1BC33E-FAAC-4186-8D04-E577DA5DA2A3}.Debug|Any CPU.Build.0 = Debug|Any CPU
		{1F1BC33E-FAAC-4186-8D04-E577DA5DA2A3}.Release|Any CPU.ActiveCfg = Release|Any CPU
		{1F1BC33E-FAAC-4186-8D04-E577DA5DA2A3}.Release|Any CPU.Build.0 = Release|Any CPU
	EndGlobalSection
	GlobalSection(SolutionProperties) = preSolution
		HideSolutionNode = FALSE
	EndGlobalSection
	GlobalSection(ExtensibilityGlobals) = postSolution
		SolutionGuid = {21BAEC92-5165-46F5-9E11-5E69D511A3F5}
	EndGlobalSection
EndGlobal
